
Microsoft Visual Studio Solution File, Format Version 12.00
# Visual Studio 15
VisualStudioVersion = 15.0.28010.2048
MinimumVisualStudioVersion = 10.0.40219.1
Project("{FAE04EC0-301F-11D3-BF4B-00C04F79EFBC}") = "RecordBook", "RecordBook\RecordBook.csproj", "{93CEA561-BFF0-492F-B530-B87045629046}"
EndProject
Global
	GlobalSection(SolutionConfigurationPlatforms) = preSolution
		Debug|Any CPU = Debug|Any CPU
		Release|Any CPU = Release|Any CPU
	EndGlobalSection
	GlobalSection(ProjectConfigurationPlatforms) = postSolution
		{93CEA561-BFF0-492F-B530-B87045629046}.Debug|Any CPU.ActiveCfg = Debug|Any CPU
		{93CEA561-BFF0-492F-B530-B87045629046}.Debug|Any CPU.Build.0 = Debug|Any CPU
		{93CEA561-BFF0-492F-B530-B87045629046}.Release|Any CPU.ActiveCfg = Release|Any CPU
		{93CEA561-BFF0-492F-B530-B87045629046}.Release|Any CPU.Build.0 = Release|Any CPU
	EndGlobalSection
	GlobalSection(SolutionProperties) = preSolution
		HideSolutionNode = FALSE
	EndGlobalSection
	GlobalSection(ExtensibilityGlobals) = postSolution
		SolutionGuid = {2E9A545A-7454-440B-B96B-778C402B6AEB}
	EndGlobalSection
EndGlobal
